
Microsoft Visual Studio Solution File, Format Version 12.00
# Visual Studio Express 2013 for Windows Desktop
VisualStudioVersion = 12.0.21005.1
MinimumVisualStudioVersion = 10.0.40219.1
Project("{FAE04EC0-301F-11D3-BF4B-00C04F79EFBC}") = "01. DecalarationOfVariables", "01. DecalarationOfVariables\01. DecalarationOfVariables.csproj", "{BDE2E417-EFEF-43BA-9587-7F6C9B5B5893}"
EndProject
Project("{FAE04EC0-301F-11D3-BF4B-00C04F79EFBC}") = "02. FloatOrDoubleVariable", "02. FloatOrDoubleVariable\02. FloatOrDoubleVariable.csproj", "{6D00A29A-1249-4188-9A00-BFADB6229E75}"
EndProject
Project("{FAE04EC0-301F-11D3-BF4B-00C04F79EFBC}") = "03. ComparingFloats", "03. ComparingFloats\03. ComparingFloats.csproj", "{4D0ED783-9E42-44BA-BDA2-3AD3BE00C653}"
EndProject
Project("{FAE04EC0-301F-11D3-BF4B-00C04F79EFBC}") = "04. VariableInHexadecimalFormat", "04. VariableInHexadecimalFormat\04. VariableInHexadecimalFormat.csproj", "{A9607047-1B01-4E89-84A1-1EDBA5539E7D}"
EndProject
Project("{FAE04EC0-301F-11D3-BF4B-00C04F79EFBC}") = "05. UnicodeValue", "05. UnicodeValue\05. UnicodeValue.csproj", "{1ABEB671-BA41-488D-841B-354D39D4B310}"
EndProject
Project("{FAE04EC0-301F-11D3-BF4B-00C04F79EFBC}") = "06. BooleanVariable", "06. BooleanVariable\06. BooleanVariable.csproj", "{0F9F3219-5B8E-4440-803F-1857D4BD1612}"
EndProject
Project("{FAE04EC0-301F-11D3-BF4B-00C04F79EFBC}") = "07. TheUseOfStringsAndObjects", "07. TheUseOfStringsAndObjects\07. TheUseOfStringsAndObjects.csproj", "{951BD300-6BEC-49C1-8E2B-F03CD0633AE1}"
EndProject
Project("{FAE04EC0-301F-11D3-BF4B-00C04F79EFBC}") = "08. QuotesInStrings", "08. QuotesInStrings\08. QuotesInStrings.csproj", "{03E93763-B57C-49E6-A23F-07775E2606C5}"
EndProject
Project("{FAE04EC0-301F-11D3-BF4B-00C04F79EFBC}") = "09. IsoscelesTriangleOfSymbols", "09. IsoscelesTriangleOfSymbols\09. IsoscelesTriangleOfSymbols.csproj", "{60B1AED6-5480-4446-9F08-15C7F03BB2E7}"
EndProject
Project("{FAE04EC0-301F-11D3-BF4B-00C04F79EFBC}") = "10. ExchangeVariableValues", "10. ExchangeVariableValues\10. ExchangeVariableValues.csproj", "{F6835484-FCE8-4BBF-B5BC-D4D0D4502519}"
EndProject
Project("{FAE04EC0-301F-11D3-BF4B-00C04F79EFBC}") = "11. EmployeeData", "11. EmployeeData\11. EmployeeData.csproj", "{F4FB95BE-AFA0-4A8B-8EF8-09E119772B9A}"
EndProject
Project("{FAE04EC0-301F-11D3-BF4B-00C04F79EFBC}") = "12. BankAccountData", "12. BankAccountData\12. BankAccountData.csproj", "{3B2ECFE5-A564-41CD-988B-B17D87407561}"
EndProject
Project("{FAE04EC0-301F-11D3-BF4B-00C04F79EFBC}") = "13. NullValuesArithmetic", "13. NullValuesArithmetic\13. NullValuesArithmetic.csproj", "{4C5E7FD7-E077-42B1-97E2-EBE5BBD753BE}"
EndProject
Project("{FAE04EC0-301F-11D3-BF4B-00C04F79EFBC}") = "14. PrintingASCIISymbols", "14. PrintingASCIISymbols\14. PrintingASCIISymbols.csproj", "{0B79364C-96E0-4742-A417-84DE6ED867C0}"
EndProject
Global
	GlobalSection(SolutionConfigurationPlatforms) = preSolution
		Debug|Any CPU = Debug|Any CPU
		Release|Any CPU = Release|Any CPU
	EndGlobalSection
	GlobalSection(ProjectConfigurationPlatforms) = postSolution
		{BDE2E417-EFEF-43BA-9587-7F6C9B5B5893}.Debug|Any CPU.ActiveCfg = Debug|Any CPU
		{BDE2E417-EFEF-43BA-9587-7F6C9B5B5893}.Debug|Any CPU.Build.0 = Debug|Any CPU
		{BDE2E417-EFEF-43BA-9587-7F6C9B5B5893}.Release|Any CPU.ActiveCfg = Release|Any CPU
		{BDE2E417-EFEF-43BA-9587-7F6C9B5B5893}.Release|Any CPU.Build.0 = Release|Any CPU
		{6D00A29A-1249-4188-9A00-BFADB6229E75}.Debug|Any CPU.ActiveCfg = Debug|Any CPU
		{6D00A29A-1249-4188-9A00-BFADB6229E75}.Debug|Any CPU.Build.0 = Debug|Any CPU
		{6D00A29A-1249-4188-9A00-BFADB6229E75}.Release|Any CPU.ActiveCfg = Release|Any CPU
		{6D00A29A-1249-4188-9A00-BFADB6229E75}.Release|Any CPU.Build.0 = Release|Any CPU
		{4D0ED783-9E42-44BA-BDA2-3AD3BE00C653}.Debug|Any CPU.ActiveCfg = Debug|Any CPU
		{4D0ED783-9E42-44BA-BDA2-3AD3BE00C653}.Debug|Any CPU.Build.0 = Debug|Any CPU
		{4D0ED783-9E42-44BA-BDA2-3AD3BE00C653}.Release|Any CPU.ActiveCfg = Release|Any CPU
		{4D0ED783-9E42-44BA-BDA2-3AD3BE00C653}.Release|Any CPU.Build.0 = Release|Any CPU
		{A9607047-1B01-4E89-84A1-1EDBA5539E7D}.Debug|Any CPU.ActiveCfg = Debug|Any CPU
		{A9607047-1B01-4E89-84A1-1EDBA5539E7D}.Debug|Any CPU.Build.0 = Debug|Any CPU
		{A9607047-1B01-4E89-84A1-1EDBA5539E7D}.Release|Any CPU.ActiveCfg = Release|Any CPU
		{A9607047-1B01-4E89-84A1-1EDBA5539E7D}.Release|Any CPU.Build.0 = Release|Any CPU
		{1ABEB671-BA41-488D-841B-354D39D4B310}.Debug|Any CPU.ActiveCfg = Debug|Any CPU
		{1ABEB671-BA41-488D-841B-354D39D4B310}.Debug|Any CPU.Build.0 = Debug|Any CPU
		{1ABEB671-BA41-488D-841B-354D39D4B310}.Release|Any CPU.ActiveCfg = Release|Any CPU
		{1ABEB671-BA41-488D-841B-354D39D4B310}.Release|Any CPU.Build.0 = Release|Any CPU
		{0F9F3219-5B8E-4440-803F-1857D4BD1612}.Debug|Any CPU.ActiveCfg = Debug|Any CPU
		{0F9F3219-5B8E-4440-803F-1857D4BD1612}.Debug|Any CPU.Build.0 = Debug|Any CPU
		{0F9F3219-5B8E-4440-803F-1857D4BD1612}.Release|Any CPU.ActiveCfg = Release|Any CPU
		{0F9F3219-5B8E-4440-803F-1857D4BD1612}.Release|Any CPU.Build.0 = Release|Any CPU
		{951BD300-6BEC-49C1-8E2B-F03CD0633AE1}.Debug|Any CPU.ActiveCfg = Debug|Any CPU
		{951BD300-6BEC-49C1-8E2B-F03CD0633AE1}.Debug|Any CPU.Build.0 = Debug|Any CPU
		{951BD300-6BEC-49C1-8E2B-F03CD0633AE1}.Release|Any CPU.ActiveCfg = Release|Any CPU
		{951BD300-6BEC-49C1-8E2B-F03CD0633AE1}.Release|Any CPU.Build.0 = Release|Any CPU
		{03E93763-B57C-49E6-A23F-07775E2606C5}.Debug|Any CPU.ActiveCfg = Debug|Any CPU
		{03E93763-B57C-49E6-A23F-07775E2606C5}.Debug|Any CPU.Build.0 = Debug|Any CPU
		{03E93763-B57C-49E6-A23F-07775E2606C5}.Release|Any CPU.ActiveCfg = Release|Any CPU
		{03E93763-B57C-49E6-A23F-07775E2606C5}.Release|Any CPU.Build.0 = Release|Any CPU
		{60B1AED6-5480-4446-9F08-15C7F03BB2E7}.Debug|Any CPU.ActiveCfg = Debug|Any CPU
		{60B1AED6-5480-4446-9F08-15C7F03BB2E7}.Debug|Any CPU.Build.0 = Debug|Any CPU
		{60B1AED6-5480-4446-9F08-15C7F03BB2E7}.Release|Any CPU.ActiveCfg = Release|Any CPU
		{60B1AED6-5480-4446-9F08-15C7F03BB2E7}.Release|Any CPU.Build.0 = Release|Any CPU
		{F6835484-FCE8-4BBF-B5BC-D4D0D4502519}.Debug|Any CPU.ActiveCfg = Debug|Any CPU
		{F6835484-FCE8-4BBF-B5BC-D4D0D4502519}.Debug|Any CPU.Build.0 = Debug|Any CPU
		{F6835484-FCE8-4BBF-B5BC-D4D0D4502519}.Release|Any CPU.ActiveCfg = Release|Any CPU
		{F6835484-FCE8-4BBF-B5BC-D4D0D4502519}.Release|Any CPU.Build.0 = Release|Any CPU
		{F4FB95BE-AFA0-4A8B-8EF8-09E119772B9A}.Debug|Any CPU.ActiveCfg = Debug|Any CPU
		{F4FB95BE-AFA0-4A8B-8EF8-09E119772B9A}.Debug|Any CPU.Build.0 = Debug|Any CPU
		{F4FB95BE-AFA0-4A8B-8EF8-09E119772B9A}.Release|Any CPU.ActiveCfg = Release|Any CPU
		{F4FB95BE-AFA0-4A8B-8EF8-09E119772B9A}.Release|Any CPU.Build.0 = Release|Any CPU
		{3B2ECFE5-A564-41CD-988B-B17D87407561}.Debug|Any CPU.ActiveCfg = Debug|Any CPU
		{3B2ECFE5-A564-41CD-988B-B17D87407561}.Debug|Any CPU.Build.0 = Debug|Any CPU
		{3B2ECFE5-A564-41CD-988B-B17D87407561}.Release|Any CPU.ActiveCfg = Release|Any CPU
		{3B2ECFE5-A564-41CD-988B-B17D87407561}.Release|Any CPU.Build.0 = Release|Any CPU
		{4C5E7FD7-E077-42B1-97E2-EBE5BBD753BE}.Debug|Any CPU.ActiveCfg = Debug|Any CPU
		{4C5E7FD7-E077-42B1-97E2-EBE5BBD753BE}.Debug|Any CPU.Build.0 = Debug|Any CPU
		{4C5E7FD7-E077-42B1-97E2-EBE5BBD753BE}.Release|Any CPU.ActiveCfg = Release|Any CPU
		{4C5E7FD7-E077-42B1-97E2-EBE5BBD753BE}.Release|Any CPU.Build.0 = Release|Any CPU
		{0B79364C-96E0-4742-A417-84DE6ED867C0}.Debug|Any CPU.ActiveCfg = Debug|Any CPU
		{0B79364C-96E0-4742-A417-84DE6ED867C0}.Debug|Any CPU.Build.0 = Debug|Any CPU
		{0B79364C-96E0-4742-A417-84DE6ED867C0}.Release|Any CPU.ActiveCfg = Release|Any CPU
		{0B79364C-96E0-4742-A417-84DE6ED867C0}.Release|Any CPU.Build.0 = Release|Any CPU
	EndGlobalSection
	GlobalSection(SolutionProperties) = preSolution
		HideSolutionNode = FALSE
	EndGlobalSection
EndGlobal
