
Microsoft Visual Studio Solution File, Format Version 12.00
# Visual Studio Express 2013 for Windows Desktop
VisualStudioVersion = 12.0.21005.1
MinimumVisualStudioVersion = 10.0.40219.1
Project("{FAE04EC0-301F-11D3-BF4B-00C04F79EFBC}") = "CSharpBookUnit3Problem01EvenNumbers", "CSharpBookUnit3Problem01EvenNumbers\CSharpBookUnit3Problem01EvenNumbers.csproj", "{B681F1C1-1A0F-4857-A7FF-EFD78925D425}"
EndProject
Project("{FAE04EC0-301F-11D3-BF4B-00C04F79EFBC}") = "CSharpBookUnit3Problem02DivideBy7And5", "CSharpBookUnit3Problem02DivideBy7And5\CSharpBookUnit3Problem02DivideBy7And5.csproj", "{05ADA3CA-37CC-46DC-912B-4AE3AC59949A}"
EndProject
Project("{FAE04EC0-301F-11D3-BF4B-00C04F79EFBC}") = "CSharpBookUnit3Problem03CheckingDigit", "CSharpBookUnit3Problem03CheckingDigit\CSharpBookUnit3Problem03CheckingDigit.csproj", "{C767687B-DF7E-497A-BAA9-8853EEBBFAA2}"
EndProject
Project("{FAE04EC0-301F-11D3-BF4B-00C04F79EFBC}") = "CSharpBookUnit3Problem04BitCheck", "CSharpBookUnit3Problem04BitCheck\CSharpBookUnit3Problem04BitCheck.csproj", "{085FECD0-D5C8-4754-8946-62387623AFEB}"
EndProject
Project("{FAE04EC0-301F-11D3-BF4B-00C04F79EFBC}") = "CSharpBookUnit3Problem05AreaOfTrapezoid", "CSharpBookUnit3Problem05AreaOfTrapezoid\CSharpBookUnit3Problem05AreaOfTrapezoid.csproj", "{084C11EC-9CA1-43BC-BA81-D66E632021BE}"
EndProject
Project("{FAE04EC0-301F-11D3-BF4B-00C04F79EFBC}") = "CheckingSolutionToAProblem16Homework", "CheckingSolutionToAProblem16Homework\CheckingSolutionToAProblem16Homework.csproj", "{13E086C2-CEA7-4DB2-8133-D8593B5016AE}"
EndProject
Global
	GlobalSection(SolutionConfigurationPlatforms) = preSolution
		Debug|Any CPU = Debug|Any CPU
		Release|Any CPU = Release|Any CPU
	EndGlobalSection
	GlobalSection(ProjectConfigurationPlatforms) = postSolution
		{B681F1C1-1A0F-4857-A7FF-EFD78925D425}.Debug|Any CPU.ActiveCfg = Debug|Any CPU
		{B681F1C1-1A0F-4857-A7FF-EFD78925D425}.Debug|Any CPU.Build.0 = Debug|Any CPU
		{B681F1C1-1A0F-4857-A7FF-EFD78925D425}.Release|Any CPU.ActiveCfg = Release|Any CPU
		{B681F1C1-1A0F-4857-A7FF-EFD78925D425}.Release|Any CPU.Build.0 = Release|Any CPU
		{05ADA3CA-37CC-46DC-912B-4AE3AC59949A}.Debug|Any CPU.ActiveCfg = Debug|Any CPU
		{05ADA3CA-37CC-46DC-912B-4AE3AC59949A}.Debug|Any CPU.Build.0 = Debug|Any CPU
		{05ADA3CA-37CC-46DC-912B-4AE3AC59949A}.Release|Any CPU.ActiveCfg = Release|Any CPU
		{05ADA3CA-37CC-46DC-912B-4AE3AC59949A}.Release|Any CPU.Build.0 = Release|Any CPU
		{C767687B-DF7E-497A-BAA9-8853EEBBFAA2}.Debug|Any CPU.ActiveCfg = Debug|Any CPU
		{C767687B-DF7E-497A-BAA9-8853EEBBFAA2}.Debug|Any CPU.Build.0 = Debug|Any CPU
		{C767687B-DF7E-497A-BAA9-8853EEBBFAA2}.Release|Any CPU.ActiveCfg = Release|Any CPU
		{C767687B-DF7E-497A-BAA9-8853EEBBFAA2}.Release|Any CPU.Build.0 = Release|Any CPU
		{085FECD0-D5C8-4754-8946-62387623AFEB}.Debug|Any CPU.ActiveCfg = Debug|Any CPU
		{085FECD0-D5C8-4754-8946-62387623AFEB}.Debug|Any CPU.Build.0 = Debug|Any CPU
		{085FECD0-D5C8-4754-8946-62387623AFEB}.Release|Any CPU.ActiveCfg = Release|Any CPU
		{085FECD0-D5C8-4754-8946-62387623AFEB}.Release|Any CPU.Build.0 = Release|Any CPU
		{084C11EC-9CA1-43BC-BA81-D66E632021BE}.Debug|Any CPU.ActiveCfg = Debug|Any CPU
		{084C11EC-9CA1-43BC-BA81-D66E632021BE}.Debug|Any CPU.Build.0 = Debug|Any CPU
		{084C11EC-9CA1-43BC-BA81-D66E632021BE}.Release|Any CPU.ActiveCfg = Release|Any CPU
		{084C11EC-9CA1-43BC-BA81-D66E632021BE}.Release|Any CPU.Build.0 = Release|Any CPU
		{13E086C2-CEA7-4DB2-8133-D8593B5016AE}.Debug|Any CPU.ActiveCfg = Debug|Any CPU
		{13E086C2-CEA7-4DB2-8133-D8593B5016AE}.Debug|Any CPU.Build.0 = Debug|Any CPU
		{13E086C2-CEA7-4DB2-8133-D8593B5016AE}.Release|Any CPU.ActiveCfg = Release|Any CPU
		{13E086C2-CEA7-4DB2-8133-D8593B5016AE}.Release|Any CPU.Build.0 = Release|Any CPU
	EndGlobalSection
	GlobalSection(SolutionProperties) = preSolution
		HideSolutionNode = FALSE
	EndGlobalSection
EndGlobal
