
Microsoft Visual Studio Solution File, Format Version 12.00
# Visual Studio Express 2013 for Windows Desktop
VisualStudioVersion = 12.0.21005.1
MinimumVisualStudioVersion = 10.0.40219.1
Project("{FAE04EC0-301F-11D3-BF4B-00C04F79EFBC}") = "01. PieceOfCake", "01. PieceOfCake\01. PieceOfCake.csproj", "{7B25A0CA-991F-4DC4-819C-7FC8A3D5A00A}"
EndProject
Project("{FAE04EC0-301F-11D3-BF4B-00C04F79EFBC}") = "02. AngryFemaleGPS", "02. AngryFemaleGPS\02. AngryFemaleGPS.csproj", "{45E611F8-328F-462A-B315-7226C6A98A07}"
EndProject
Project("{FAE04EC0-301F-11D3-BF4B-00C04F79EFBC}") = "03. OnesAndZeroes", "03. OnesAndZeroes\03. OnesAndZeroes.csproj", "{01A5A483-9600-4FD3-8E71-29E1C4AADB19}"
EndProject
Project("{FAE04EC0-301F-11D3-BF4B-00C04F79EFBC}") = "04. Eggcelent", "04. Eggcelent\04. Eggcelent.csproj", "{F43F3090-3410-46E7-BD0B-F4CC9459BCE7}"
EndProject
Global
	GlobalSection(SolutionConfigurationPlatforms) = preSolution
		Debug|Any CPU = Debug|Any CPU
		Release|Any CPU = Release|Any CPU
	EndGlobalSection
	GlobalSection(ProjectConfigurationPlatforms) = postSolution
		{7B25A0CA-991F-4DC4-819C-7FC8A3D5A00A}.Debug|Any CPU.ActiveCfg = Debug|Any CPU
		{7B25A0CA-991F-4DC4-819C-7FC8A3D5A00A}.Debug|Any CPU.Build.0 = Debug|Any CPU
		{7B25A0CA-991F-4DC4-819C-7FC8A3D5A00A}.Release|Any CPU.ActiveCfg = Release|Any CPU
		{7B25A0CA-991F-4DC4-819C-7FC8A3D5A00A}.Release|Any CPU.Build.0 = Release|Any CPU
		{45E611F8-328F-462A-B315-7226C6A98A07}.Debug|Any CPU.ActiveCfg = Debug|Any CPU
		{45E611F8-328F-462A-B315-7226C6A98A07}.Debug|Any CPU.Build.0 = Debug|Any CPU
		{45E611F8-328F-462A-B315-7226C6A98A07}.Release|Any CPU.ActiveCfg = Release|Any CPU
		{45E611F8-328F-462A-B315-7226C6A98A07}.Release|Any CPU.Build.0 = Release|Any CPU
		{01A5A483-9600-4FD3-8E71-29E1C4AADB19}.Debug|Any CPU.ActiveCfg = Debug|Any CPU
		{01A5A483-9600-4FD3-8E71-29E1C4AADB19}.Debug|Any CPU.Build.0 = Debug|Any CPU
		{01A5A483-9600-4FD3-8E71-29E1C4AADB19}.Release|Any CPU.ActiveCfg = Release|Any CPU
		{01A5A483-9600-4FD3-8E71-29E1C4AADB19}.Release|Any CPU.Build.0 = Release|Any CPU
		{F43F3090-3410-46E7-BD0B-F4CC9459BCE7}.Debug|Any CPU.ActiveCfg = Debug|Any CPU
		{F43F3090-3410-46E7-BD0B-F4CC9459BCE7}.Debug|Any CPU.Build.0 = Debug|Any CPU
		{F43F3090-3410-46E7-BD0B-F4CC9459BCE7}.Release|Any CPU.ActiveCfg = Release|Any CPU
		{F43F3090-3410-46E7-BD0B-F4CC9459BCE7}.Release|Any CPU.Build.0 = Release|Any CPU
	EndGlobalSection
	GlobalSection(SolutionProperties) = preSolution
		HideSolutionNode = FALSE
	EndGlobalSection
EndGlobal
